# This file is autogenerated, do not edit; changes may be undone by the next 'dep ensure'.


[[projects]]
  name = "github.com/PuerkitoBio/goquery"
  packages = ["."]
  revision = "e1271ee34c6a305e38566ecd27ae374944907ee9"
  version = "v1.1.0"

[[projects]]
  branch = "master"
  name = "github.com/andlabs/ui"
  packages = ["."]
  revision = "2dde2a79e7020f065d94d9bc17e0191bf18a5bff"

[[projects]]
  branch = "master"
  name = "github.com/andybalholm/cascadia"
  packages = ["."]
  revision = "349dd0209470eabd9514242c688c403c0926d266"

[[projects]]
  branch = "master"
  name = "golang.org/x/net"
  packages = ["html","html/atom"]
  revision = "1f9224279e98554b6a6432d4dd998a739f8b2b7c"

[solve-meta]
  analyzer-name = "dep"
  analyzer-version = 1
  inputs-digest = "13249d54e55879453bff5a7ce240964545c6dfe22424d9f6bcf2132c7bdeae6d"
  solver-name = "gps-cdcl"
  solver-version = 1
